
Microsoft Visual Studio Solution File, Format Version 12.00
# Visual Studio Version 17
VisualStudioVersion = 17.8.34408.163
MinimumVisualStudioVersion = 10.0.40219.1
Project("{FAE04EC0-301F-11D3-BF4B-00C04F79EFBC}") = "Array-Problem-Statements", "Array-Problem-Statements.csproj", "{AB80C79F-9E0E-4E3D-8EB7-301D82ECD8FF}"
EndProject
Global
	GlobalSection(SolutionConfigurationPlatforms) = preSolution
		Debug|Any CPU = Debug|Any CPU
		Release|Any CPU = Release|Any CPU
	EndGlobalSection
	GlobalSection(ProjectConfigurationPlatforms) = postSolution
		{AB80C79F-9E0E-4E3D-8EB7-301D82ECD8FF}.Debug|Any CPU.ActiveCfg = Debug|Any CPU
		{AB80C79F-9E0E-4E3D-8EB7-301D82ECD8FF}.Debug|Any CPU.Build.0 = Debug|Any CPU
		{AB80C79F-9E0E-4E3D-8EB7-301D82ECD8FF}.Release|Any CPU.ActiveCfg = Release|Any CPU
		{AB80C79F-9E0E-4E3D-8EB7-301D82ECD8FF}.Release|Any CPU.Build.0 = Release|Any CPU
	EndGlobalSection
	GlobalSection(SolutionProperties) = preSolution
		HideSolutionNode = FALSE
	EndGlobalSection
	GlobalSection(ExtensibilityGlobals) = postSolution
		SolutionGuid = {22626BF0-5BCE-4EF8-9C70-433BD2530EDA}
	EndGlobalSection
EndGlobal
